<?xml version="1.0" encoding="utf-8"?>
<Project ToolsVersion="4.0" xmlns="http://schemas.microsoft.com/developer/msbuild/2003">
  <ItemGroup>
    <ClCompile Include="$(MSBuildThisFileDirectory)tApplication.cpp" />
    <ClCompile Include="$(MSBuildThisFileDirectory)Monster.cpp">
      <Filter>GameObject\Monster</Filter>
    </ClCompile>
    <ClCompile Include="$(MSBuildThisFileDirectory)tGameObject.cpp">
      <Filter>GameObject</Filter>
    </ClCompile>
    <ClCompile Include="$(MSBuildThisFileDirectory)Scene.cpp">
      <Filter>Scene</Filter>
    </ClCompile>
    <ClCompile Include="$(MSBuildThisFileDirectory)Bullet.cpp">
      <Filter>GameObject\Projectile</Filter>
    </ClCompile>
    <ClCompile Include="$(MSBuildThisFileDirectory)tEntity.cpp">
      <Filter>Scene\SceneSystem</Filter>
    </ClCompile>
    <ClCompile Include="$(MSBuildThisFileDirectory)SceneManager.cpp">
      <Filter>Scene</Filter>
    </ClCompile>
    <ClCompile Include="$(MSBuildThisFileDirectory)Component.cpp">
      <Filter>Component</Filter>
    </ClCompile>
    <ClCompile Include="$(MSBuildThisFileDirectory)SpriteRenderer.cpp">
      <Filter>Component</Filter>
    </ClCompile>
    <ClCompile Include="$(MSBuildThisFileDirectory)Transform.cpp">
      <Filter>Component</Filter>
    </ClCompile>
    <ClCompile Include="$(MSBuildThisFileDirectory)tMath.cpp">
      <Filter>EngineSystem\Vector2</Filter>
    </ClCompile>
    <ClCompile Include="$(MSBuildThisFileDirectory)tInput.cpp">
      <Filter>EngineSystem\Input</Filter>
    </ClCompile>
    <ClCompile Include="$(MSBuildThisFileDirectory)tTime.cpp">
      <Filter>EngineSystem\DeltaTime</Filter>
    </ClCompile>
    <ClCompile Include="$(MSBuildThisFileDirectory)tResource.cpp">
      <Filter>Resources</Filter>
    </ClCompile>
    <ClCompile Include="$(MSBuildThisFileDirectory)tResources.cpp">
      <Filter>Resources</Filter>
    </ClCompile>
  </ItemGroup>
  <ItemGroup>
    <ClInclude Include="$(MSBuildThisFileDirectory)tApplication.h" />
    <ClInclude Include="$(MSBuildThisFileDirectory)Monster.h">
      <Filter>GameObject\Monster</Filter>
    </ClInclude>
    <ClInclude Include="$(MSBuildThisFileDirectory)tGameObject.h">
      <Filter>GameObject</Filter>
    </ClInclude>
    <ClInclude Include="$(MSBuildThisFileDirectory)Scene.h">
      <Filter>Scene</Filter>
    </ClInclude>
    <ClInclude Include="$(MSBuildThisFileDirectory)Bullet.h">
      <Filter>GameObject\Projectile</Filter>
    </ClInclude>
    <ClInclude Include="$(MSBuildThisFileDirectory)tEntity.h">
      <Filter>Scene\SceneSystem</Filter>
    </ClInclude>
    <ClInclude Include="$(MSBuildThisFileDirectory)SceneManager.h">
      <Filter>Scene</Filter>
    </ClInclude>
    <ClInclude Include="$(MSBuildThisFileDirectory)Component.h">
      <Filter>Component</Filter>
    </ClInclude>
    <ClInclude Include="$(MSBuildThisFileDirectory)SpriteRenderer.h">
      <Filter>Component</Filter>
    </ClInclude>
    <ClInclude Include="$(MSBuildThisFileDirectory)Transform.h">
      <Filter>Component</Filter>
    </ClInclude>
    <ClInclude Include="$(MSBuildThisFileDirectory)tMath.h">
      <Filter>EngineSystem\Vector2</Filter>
    </ClInclude>
    <ClInclude Include="$(MSBuildThisFileDirectory)tTime.h">
      <Filter>EngineSystem\DeltaTime</Filter>
    </ClInclude>
    <ClInclude Include="$(MSBuildThisFileDirectory)tInput.h">
      <Filter>EngineSystem\Input</Filter>
    </ClInclude>
    <ClInclude Include="$(MSBuildThisFileDirectory)pch.h">
      <Filter>EngineSystem</Filter>
    </ClInclude>
    <ClInclude Include="$(MSBuildThisFileDirectory)tResource.h">
      <Filter>Resources</Filter>
    </ClInclude>
    <ClInclude Include="$(MSBuildThisFileDirectory)tResources.h">
      <Filter>Resources</Filter>
    </ClInclude>
  </ItemGroup>
  <ItemGroup>
    <Filter Include="Scene">
      <UniqueIdentifier>{11bfb011-f59d-4e8c-ae23-ab2bf24c4c74}</UniqueIdentifier>
    </Filter>
    <Filter Include="Scene\SceneSystem">
      <UniqueIdentifier>{cf39aa39-ced9-49d3-b533-78d0c29b4af9}</UniqueIdentifier>
    </Filter>
    <Filter Include="GameObject">
      <UniqueIdentifier>{908beb24-f7c5-440b-930c-9ed867361670}</UniqueIdentifier>
    </Filter>
    <Filter Include="GameObject\Monster">
      <UniqueIdentifier>{e024d2ab-8c29-42c9-a44a-51c102cb6401}</UniqueIdentifier>
    </Filter>
    <Filter Include="GameObject\Projectile">
      <UniqueIdentifier>{3c05a406-66a8-4a12-a987-2c16a80e3347}</UniqueIdentifier>
    </Filter>
    <Filter Include="EngineSystem">
      <UniqueIdentifier>{9925ffcf-9f48-48fc-bf2d-15480e6e69cd}</UniqueIdentifier>
    </Filter>
    <Filter Include="Component">
      <UniqueIdentifier>{80eb229e-3b23-4d36-be04-97525bae94b6}</UniqueIdentifier>
    </Filter>
    <Filter Include="EngineSystem\DeltaTime">
      <UniqueIdentifier>{bb3cbcee-5843-4f69-8f75-798440c4c3c0}</UniqueIdentifier>
    </Filter>
    <Filter Include="EngineSystem\Input">
      <UniqueIdentifier>{e084b2bc-09bf-49ed-8e9b-81b7cc18dac3}</UniqueIdentifier>
    </Filter>
    <Filter Include="EngineSystem\Vector2">
      <UniqueIdentifier>{0bcc3bea-9fbd-46e4-b0ed-2b60f6dfdbc9}</UniqueIdentifier>
    </Filter>
    <Filter Include="Resources">
      <UniqueIdentifier>{ca284b01-bc4a-4c77-8e89-4e09446685ed}</UniqueIdentifier>
    </Filter>
  </ItemGroup>
</Project>