<?xml version="1.0" encoding="utf-8"?>
<Project ToolsVersion="4.0" xmlns="http://schemas.microsoft.com/developer/msbuild/2003">
  <ItemGroup>
    <ClCompile Include="$(MSBuildThisFileDirectory)Monster.cpp">
      <Filter>GameObject\Monster</Filter>
    </ClCompile>
    <ClCompile Include="$(MSBuildThisFileDirectory)tGameObject.cpp">
      <Filter>GameObject</Filter>
    </ClCompile>
    <ClCompile Include="$(MSBuildThisFileDirectory)Scene.cpp">
      <Filter>Scene</Filter>
    </ClCompile>
    <ClCompile Include="$(MSBuildThisFileDirectory)tEntity.cpp">
      <Filter>Scene\SceneSystem</Filter>
    </ClCompile>
    <ClCompile Include="$(MSBuildThisFileDirectory)SceneManager.cpp">
      <Filter>Scene</Filter>
    </ClCompile>
    <ClCompile Include="$(MSBuildThisFileDirectory)tMath.cpp">
      <Filter>EngineSystem\Vector2</Filter>
    </ClCompile>
    <ClCompile Include="$(MSBuildThisFileDirectory)tInput.cpp">
      <Filter>EngineSystem\Input</Filter>
    </ClCompile>
    <ClCompile Include="$(MSBuildThisFileDirectory)tTime.cpp">
      <Filter>EngineSystem\DeltaTime</Filter>
    </ClCompile>
    <ClCompile Include="$(MSBuildThisFileDirectory)tResource.cpp">
      <Filter>Resource</Filter>
    </ClCompile>
    <ClCompile Include="$(MSBuildThisFileDirectory)tResources.cpp">
      <Filter>Resource</Filter>
    </ClCompile>
    <ClCompile Include="$(MSBuildThisFileDirectory)tLayer.cpp">
      <Filter>Layer</Filter>
    </ClCompile>
    <ClCompile Include="$(MSBuildThisFileDirectory)tTexture.cpp">
      <Filter>Resource\Texture</Filter>
    </ClCompile>
    <ClCompile Include="$(MSBuildThisFileDirectory)SpriteRenderer.cpp">
      <Filter>Component\SpriteRenderer</Filter>
    </ClCompile>
    <ClCompile Include="$(MSBuildThisFileDirectory)Transform.cpp">
      <Filter>Component\Transform</Filter>
    </ClCompile>
    <ClCompile Include="$(MSBuildThisFileDirectory)Script.cpp">
      <Filter>Component\Script</Filter>
    </ClCompile>
    <ClCompile Include="$(MSBuildThisFileDirectory)Component.cpp">
      <Filter>Component</Filter>
    </ClCompile>
    <ClCompile Include="$(MSBuildThisFileDirectory)Camera.cpp">
      <Filter>Component\Camera</Filter>
    </ClCompile>
    <ClCompile Include="$(MSBuildThisFileDirectory)Renderer.cpp">
      <Filter>Renderer</Filter>
    </ClCompile>
    <ClCompile Include="$(MSBuildThisFileDirectory)tAnimation.cpp">
      <Filter>Resource\Animation</Filter>
    </ClCompile>
    <ClCompile Include="$(MSBuildThisFileDirectory)tCollider.cpp">
      <Filter>Component\Collider</Filter>
    </ClCompile>
    <ClCompile Include="$(MSBuildThisFileDirectory)tCollisionManager.cpp">
      <Filter>Component\Collider</Filter>
    </ClCompile>
    <ClCompile Include="$(MSBuildThisFileDirectory)tAnimator.cpp">
      <Filter>Component\Animator</Filter>
    </ClCompile>
    <ClCompile Include="$(MSBuildThisFileDirectory)tApplication.cpp">
      <Filter>Application</Filter>
    </ClCompile>
    <ClCompile Include="$(MSBuildThisFileDirectory)tBoxCollider2D.cpp">
      <Filter>Component\Collider\BoxCollider2D</Filter>
    </ClCompile>
    <ClCompile Include="$(MSBuildThisFileDirectory)tCircleCollider2D.cpp">
      <Filter>Component\Collider\CircleCollider2D</Filter>
    </ClCompile>
    <ClCompile Include="$(MSBuildThisFileDirectory)tDontDestroyOnLoad.cpp">
      <Filter>Scene\SceneSystem</Filter>
    </ClCompile>
    <ClCompile Include="$(MSBuildThisFileDirectory)tObject.cpp">
      <Filter>EngineSystem\Object</Filter>
    </ClCompile>
    <ClCompile Include="$(MSBuildThisFileDirectory)TilemapRenderer.cpp">
      <Filter>Component\TilemapRenderer</Filter>
    </ClCompile>
  </ItemGroup>
  <ItemGroup>
    <ClInclude Include="$(MSBuildThisFileDirectory)Monster.h">
      <Filter>GameObject\Monster</Filter>
    </ClInclude>
    <ClInclude Include="$(MSBuildThisFileDirectory)tGameObject.h">
      <Filter>GameObject</Filter>
    </ClInclude>
    <ClInclude Include="$(MSBuildThisFileDirectory)Scene.h">
      <Filter>Scene</Filter>
    </ClInclude>
    <ClInclude Include="$(MSBuildThisFileDirectory)tEntity.h">
      <Filter>Scene\SceneSystem</Filter>
    </ClInclude>
    <ClInclude Include="$(MSBuildThisFileDirectory)SceneManager.h">
      <Filter>Scene</Filter>
    </ClInclude>
    <ClInclude Include="$(MSBuildThisFileDirectory)Component.h">
      <Filter>Component</Filter>
    </ClInclude>
    <ClInclude Include="$(MSBuildThisFileDirectory)tMath.h">
      <Filter>EngineSystem\Vector2</Filter>
    </ClInclude>
    <ClInclude Include="$(MSBuildThisFileDirectory)tTime.h">
      <Filter>EngineSystem\DeltaTime</Filter>
    </ClInclude>
    <ClInclude Include="$(MSBuildThisFileDirectory)tInput.h">
      <Filter>EngineSystem\Input</Filter>
    </ClInclude>
    <ClInclude Include="$(MSBuildThisFileDirectory)pch.h">
      <Filter>EngineSystem</Filter>
    </ClInclude>
    <ClInclude Include="$(MSBuildThisFileDirectory)tResource.h">
      <Filter>Resource</Filter>
    </ClInclude>
    <ClInclude Include="$(MSBuildThisFileDirectory)tResources.h">
      <Filter>Resource</Filter>
    </ClInclude>
    <ClInclude Include="$(MSBuildThisFileDirectory)tLayer.h">
      <Filter>Layer</Filter>
    </ClInclude>
    <ClInclude Include="$(MSBuildThisFileDirectory)tTexture.h">
      <Filter>Resource\Texture</Filter>
    </ClInclude>
    <ClInclude Include="$(MSBuildThisFileDirectory)SpriteRenderer.h">
      <Filter>Component\SpriteRenderer</Filter>
    </ClInclude>
    <ClInclude Include="$(MSBuildThisFileDirectory)Transform.h">
      <Filter>Component\Transform</Filter>
    </ClInclude>
    <ClInclude Include="$(MSBuildThisFileDirectory)Script.h">
      <Filter>Component\Script</Filter>
    </ClInclude>
    <ClInclude Include="$(MSBuildThisFileDirectory)Camera.h">
      <Filter>Component\Camera</Filter>
    </ClInclude>
    <ClInclude Include="$(MSBuildThisFileDirectory)tEnums.h">
      <Filter>EngineSystem</Filter>
    </ClInclude>
    <ClInclude Include="$(MSBuildThisFileDirectory)Renderer.h">
      <Filter>Renderer</Filter>
    </ClInclude>
    <ClInclude Include="$(MSBuildThisFileDirectory)tAnimation.h">
      <Filter>Resource\Animation</Filter>
    </ClInclude>
    <ClInclude Include="$(MSBuildThisFileDirectory)tCollider.h">
      <Filter>Component\Collider</Filter>
    </ClInclude>
    <ClInclude Include="$(MSBuildThisFileDirectory)tCollisionManager.h">
      <Filter>Component\Collider</Filter>
    </ClInclude>
    <ClInclude Include="$(MSBuildThisFileDirectory)tAnimator.h">
      <Filter>Component\Animator</Filter>
    </ClInclude>
    <ClInclude Include="$(MSBuildThisFileDirectory)tApplication.h">
      <Filter>Application</Filter>
    </ClInclude>
    <ClInclude Include="$(MSBuildThisFileDirectory)tBoxCollider2D.h">
      <Filter>Component\Collider\BoxCollider2D</Filter>
    </ClInclude>
    <ClInclude Include="$(MSBuildThisFileDirectory)tCircleCollider2D.h">
      <Filter>Component\Collider\CircleCollider2D</Filter>
    </ClInclude>
    <ClInclude Include="$(MSBuildThisFileDirectory)tDontDestroyOnLoad.h">
      <Filter>Scene\SceneSystem</Filter>
    </ClInclude>
    <ClInclude Include="$(MSBuildThisFileDirectory)tObject.h">
      <Filter>EngineSystem\Object</Filter>
    </ClInclude>
    <ClInclude Include="$(MSBuildThisFileDirectory)TilemapRenderer.h">
      <Filter>Component\TilemapRenderer</Filter>
    </ClInclude>
  </ItemGroup>
  <ItemGroup>
    <Filter Include="Scene">
      <UniqueIdentifier>{11bfb011-f59d-4e8c-ae23-ab2bf24c4c74}</UniqueIdentifier>
    </Filter>
    <Filter Include="Scene\SceneSystem">
      <UniqueIdentifier>{cf39aa39-ced9-49d3-b533-78d0c29b4af9}</UniqueIdentifier>
    </Filter>
    <Filter Include="GameObject">
      <UniqueIdentifier>{908beb24-f7c5-440b-930c-9ed867361670}</UniqueIdentifier>
    </Filter>
    <Filter Include="GameObject\Monster">
      <UniqueIdentifier>{e024d2ab-8c29-42c9-a44a-51c102cb6401}</UniqueIdentifier>
    </Filter>
    <Filter Include="EngineSystem">
      <UniqueIdentifier>{9925ffcf-9f48-48fc-bf2d-15480e6e69cd}</UniqueIdentifier>
    </Filter>
    <Filter Include="Component">
      <UniqueIdentifier>{80eb229e-3b23-4d36-be04-97525bae94b6}</UniqueIdentifier>
    </Filter>
    <Filter Include="EngineSystem\DeltaTime">
      <UniqueIdentifier>{bb3cbcee-5843-4f69-8f75-798440c4c3c0}</UniqueIdentifier>
    </Filter>
    <Filter Include="EngineSystem\Input">
      <UniqueIdentifier>{e084b2bc-09bf-49ed-8e9b-81b7cc18dac3}</UniqueIdentifier>
    </Filter>
    <Filter Include="EngineSystem\Vector2">
      <UniqueIdentifier>{0bcc3bea-9fbd-46e4-b0ed-2b60f6dfdbc9}</UniqueIdentifier>
    </Filter>
    <Filter Include="Layer">
      <UniqueIdentifier>{86ab9d27-469e-4974-b1b1-a5042fa64d68}</UniqueIdentifier>
    </Filter>
    <Filter Include="Resource">
      <UniqueIdentifier>{ca284b01-bc4a-4c77-8e89-4e09446685ed}</UniqueIdentifier>
    </Filter>
    <Filter Include="Resource\Texture">
      <UniqueIdentifier>{f0205f31-553c-434a-ae86-732d38fe7820}</UniqueIdentifier>
    </Filter>
    <Filter Include="Component\SpriteRenderer">
      <UniqueIdentifier>{96c51ccf-b223-479a-b8cd-9534fa1bf789}</UniqueIdentifier>
    </Filter>
    <Filter Include="Component\Script">
      <UniqueIdentifier>{059db699-4ef5-4c56-bd11-3af92c10a1b9}</UniqueIdentifier>
    </Filter>
    <Filter Include="Component\Transform">
      <UniqueIdentifier>{bd4a4e4c-72a6-42f6-94b4-8e4613e72a64}</UniqueIdentifier>
    </Filter>
    <Filter Include="Component\Camera">
      <UniqueIdentifier>{488aacfc-92eb-4afd-889f-5a63561b2012}</UniqueIdentifier>
    </Filter>
    <Filter Include="Renderer">
      <UniqueIdentifier>{401e3973-17cf-4172-9524-12baecbfb1fa}</UniqueIdentifier>
    </Filter>
    <Filter Include="Resource\Animation">
      <UniqueIdentifier>{6feeaf75-88d5-40f0-a251-39c5c17d6e18}</UniqueIdentifier>
    </Filter>
    <Filter Include="Component\Collider">
      <UniqueIdentifier>{9ea172bc-d843-4ce4-bc00-55423cce0781}</UniqueIdentifier>
    </Filter>
    <Filter Include="Component\Animator">
      <UniqueIdentifier>{026e9dc7-b2db-40be-a587-d428d2127547}</UniqueIdentifier>
    </Filter>
    <Filter Include="Application">
      <UniqueIdentifier>{e1d42fff-c5c9-4b29-ab8f-810fc33455ef}</UniqueIdentifier>
    </Filter>
    <Filter Include="Component\Collider\BoxCollider2D">
      <UniqueIdentifier>{fb46e78a-d117-4ac1-bace-63c7983cc269}</UniqueIdentifier>
    </Filter>
    <Filter Include="Component\Collider\CircleCollider2D">
      <UniqueIdentifier>{bf8b8a8c-dbcc-4095-9239-8de4ffb3aaf2}</UniqueIdentifier>
    </Filter>
    <Filter Include="EngineSystem\Object">
      <UniqueIdentifier>{1099450c-9254-463a-b687-9d99cfdda1bb}</UniqueIdentifier>
    </Filter>
    <Filter Include="Component\TilemapRenderer">
      <UniqueIdentifier>{78ac8463-9436-4cb9-9ad5-ec8d90a06129}</UniqueIdentifier>
    </Filter>
  </ItemGroup>
</Project>