<?xml version="1.0" encoding="utf-8"?>
<Project ToolsVersion="4.0" xmlns="http://schemas.microsoft.com/developer/msbuild/2003">
  <ItemGroup>
    <Filter Include="Scenes">
      <UniqueIdentifier>{1013bd84-af07-4978-9cbf-c6ec82c7d87a}</UniqueIdentifier>
    </Filter>
    <Filter Include="Scenes\_example">
      <UniqueIdentifier>{c6862a35-825b-42f6-b1b9-f07357890540}</UniqueIdentifier>
    </Filter>
    <Filter Include="Contents">
      <UniqueIdentifier>{e48af733-ad94-4176-bcc6-4eb28f5a6008}</UniqueIdentifier>
    </Filter>
    <Filter Include="Scenes\1. MainMenu">
      <UniqueIdentifier>{d07c5a7b-9165-4eba-91c0-c21ad5fae505}</UniqueIdentifier>
    </Filter>
    <Filter Include="Scenes\2. Game">
      <UniqueIdentifier>{05fcd18b-d67b-4ad8-81dd-829e3cb27c01}</UniqueIdentifier>
    </Filter>
    <Filter Include="Scripts">
      <UniqueIdentifier>{4b77e826-0f1f-485a-901d-5bbb6e2d74c1}</UniqueIdentifier>
    </Filter>
    <Filter Include="Scripts\Player">
      <UniqueIdentifier>{c534e8a9-daa2-442e-9ca2-ff74a578d364}</UniqueIdentifier>
    </Filter>
    <Filter Include="Scripts\Camera">
      <UniqueIdentifier>{5c8fb422-22e5-4b75-a9b4-e5ee81de0e2a}</UniqueIdentifier>
    </Filter>
    <Filter Include="Scenes\0. StartMenu">
      <UniqueIdentifier>{ce61a151-ac95-4875-913d-21c5beb5e14b}</UniqueIdentifier>
    </Filter>
    <Filter Include="Contents\Player">
      <UniqueIdentifier>{3759add1-121a-4901-af7d-372a70a9a67f}</UniqueIdentifier>
    </Filter>
  </ItemGroup>
  <ItemGroup>
    <ClInclude Include="LoadingScene.h">
      <Filter>Scenes\0. StartMenu</Filter>
    </ClInclude>
    <ClInclude Include="PlayScene.h">
      <Filter>Scenes\_example</Filter>
    </ClInclude>
    <ClInclude Include="MainMenuScene.h">
      <Filter>Scenes\1. MainMenu</Filter>
    </ClInclude>
    <ClInclude Include="InGameScene.h">
      <Filter>Scenes\2. Game</Filter>
    </ClInclude>
    <ClInclude Include="LoadResources.h" />
    <ClInclude Include="PlayerScript.h">
      <Filter>Scripts\Player</Filter>
    </ClInclude>
    <ClInclude Include="CameraMoveScript.h">
      <Filter>Scripts\Camera</Filter>
    </ClInclude>
    <ClInclude Include="LoadScenes.h">
      <Filter>Scenes</Filter>
    </ClInclude>
    <ClInclude Include="Player.h">
      <Filter>Contents\Player</Filter>
    </ClInclude>
  </ItemGroup>
  <ItemGroup>
    <ClCompile Include="LoadingScene.cpp">
      <Filter>Scenes\0. StartMenu</Filter>
    </ClCompile>
    <ClCompile Include="PlayScene.cpp">
      <Filter>Scenes\_example</Filter>
    </ClCompile>
    <ClCompile Include="MainMenuScene.cpp">
      <Filter>Scenes\1. MainMenu</Filter>
    </ClCompile>
    <ClCompile Include="InGameScene.cpp">
      <Filter>Scenes\2. Game</Filter>
    </ClCompile>
    <ClCompile Include="PlayerScript.cpp">
      <Filter>Scripts\Player</Filter>
    </ClCompile>
    <ClCompile Include="CameraMoveScript.cpp">
      <Filter>Scripts\Camera</Filter>
    </ClCompile>
    <ClCompile Include="Player.cpp">
      <Filter>Contents\Player</Filter>
    </ClCompile>
  </ItemGroup>
  <ItemGroup>
    <None Include="ClassDiagram.cd" />
    <None Include="ClassDiagram1.cd" />
  </ItemGroup>
</Project>